
Microsoft Visual Studio Solution File, Format Version 12.00
# Visual Studio Version 16
VisualStudioVersion = 16.0.30225.117
MinimumVisualStudioVersion = 10.0.40219.1
Project("{FAE04EC0-301F-11D3-BF4B-00C04F79EFBC}") = "Calculator FINAL", "Calculator FINAL\Calculator FINAL.csproj", "{5CC7F8C7-0390-4439-BE79-4470CFE8B293}"
EndProject
Global
	GlobalSection(SolutionConfigurationPlatforms) = preSolution
		Debug|Any CPU = Debug|Any CPU
		Release|Any CPU = Release|Any CPU
	EndGlobalSection
	GlobalSection(ProjectConfigurationPlatforms) = postSolution
		{5CC7F8C7-0390-4439-BE79-4470CFE8B293}.Debug|Any CPU.ActiveCfg = Debug|Any CPU
		{5CC7F8C7-0390-4439-BE79-4470CFE8B293}.Debug|Any CPU.Build.0 = Debug|Any CPU
		{5CC7F8C7-0390-4439-BE79-4470CFE8B293}.Release|Any CPU.ActiveCfg = Release|Any CPU
		{5CC7F8C7-0390-4439-BE79-4470CFE8B293}.Release|Any CPU.Build.0 = Release|Any CPU
	EndGlobalSection
	GlobalSection(SolutionProperties) = preSolution
		HideSolutionNode = FALSE
	EndGlobalSection
	GlobalSection(ExtensibilityGlobals) = postSolution
		SolutionGuid = {AF06FB17-3C65-4432-AD66-23B5C803313D}
	EndGlobalSection
EndGlobal
